
Microsoft Visual Studio Solution File, Format Version 12.00
# Visual Studio Version 17
VisualStudioVersion = 17.4.33205.214
MinimumVisualStudioVersion = 10.0.40219.1
Project("{9A19103F-16F7-4668-BE54-9A1E7A4F7556}") = "TechFabricSln.Test", "TechFabricSln.Test.csproj", "{1639F73B-905B-46AC-9350-06333166E189}"
EndProject
Global
	GlobalSection(SolutionConfigurationPlatforms) = preSolution
		Debug|Any CPU = Debug|Any CPU
		Release|Any CPU = Release|Any CPU
	EndGlobalSection
	GlobalSection(ProjectConfigurationPlatforms) = postSolution
		{1639F73B-905B-46AC-9350-06333166E189}.Debug|Any CPU.ActiveCfg = Debug|Any CPU
		{1639F73B-905B-46AC-9350-06333166E189}.Debug|Any CPU.Build.0 = Debug|Any CPU
		{1639F73B-905B-46AC-9350-06333166E189}.Release|Any CPU.ActiveCfg = Release|Any CPU
		{1639F73B-905B-46AC-9350-06333166E189}.Release|Any CPU.Build.0 = Release|Any CPU
	EndGlobalSection
	GlobalSection(SolutionProperties) = preSolution
		HideSolutionNode = FALSE
	EndGlobalSection
	GlobalSection(ExtensibilityGlobals) = postSolution
		SolutionGuid = {4068A213-E235-42F1-8C1A-0A19EA3CE8BC}
	EndGlobalSection
EndGlobal
